PODS:
  - AYPromise (1.1.0):
    - AYRuntime
  - AYRuntime (1.0.1)

DEPENDENCIES:
  - AYPromise (from `../`)

EXTERNAL SOURCES:
  AYPromise:
    :path: ../

SPEC CHECKSUMS:
  AYPromise: 530ee61c6cb1219bd62823b1b9cdffa53b4e0a53
  AYRuntime: c738c601ee1cc553601def6dda83e640ea0fd465

PODFILE CHECKSUM: 6e0270353a9b3f48982dd61cbbf7e0e7648b456a

COCOAPODS: 1.0.0
