PODS:
  - AFNetworking (3.2.1):
    - AFNetworking/NSURLSession (= 3.2.1)
    - AFNetworking/Reachability (= 3.2.1)
    - AFNetworking/Security (= 3.2.1)
    - AFNetworking/Serialization (= 3.2.1)
    - AFNetworking/UIKit (= 3.2.1)
  - AFNetworking/NSURLSession (3.2.1):
    - AFNetworking/Reachability
    - AFNetworking/Security
    - AFNetworking/Serialization
  - AFNetworking/Reachability (3.2.1)
  - AFNetworking/Security (3.2.1)
  - AFNetworking/Serialization (3.2.1)
  - AFNetworking/UIKit (3.2.1):
    - AFNetworking/NSURLSession
  - AYPromise (1.1.4):
    - AYRuntime
  - AYRuntime (1.0.5)
  - SVProgressHUD (2.2.5)

DEPENDENCIES:
  - AFNetworking
  - AYPromise (from `../`)
  - SVProgressHUD

SPEC REPOS:
  https://github.com/cocoapods/specs.git:
    - AFNetworking
    - AYRuntime
    - SVProgressHUD

EXTERNAL SOURCES:
  AYPromise:
    :path: "../"

SPEC CHECKSUMS:
  AFNetworking: b6f891fdfaed196b46c7a83cf209e09697b94057
  AYPromise: ea0b911bd97d6a4570152f262916cae69c0470e9
  AYRuntime: 2ae72af90a83d4c9427a0d7bf6188b0a7191af87
  SVProgressHUD: 1428aafac632c1f86f62aa4243ec12008d7a51d6

PODFILE CHECKSUM: bb26d296c269c33d333ede3312c1fe52dcdc0f16

COCOAPODS: 1.5.3
